
Microsoft Visual Studio Solution File, Format Version 12.00
# Visual Studio Version 17
VisualStudioVersion = 17.6.33723.286
MinimumVisualStudioVersion = 10.0.40219.1
Project("{FAE04EC0-301F-11D3-BF4B-00C04F79EFBC}") = "AWS_Sample2_setting_profile", "AWS_Sample2_setting_profile.csproj", "{05B00B53-685C-4329-BE6B-D2F33B497640}"
EndProject
Global
	GlobalSection(SolutionConfigurationPlatforms) = preSolution
		Debug|Any CPU = Debug|Any CPU
		Release|Any CPU = Release|Any CPU
	EndGlobalSection
	GlobalSection(ProjectConfigurationPlatforms) = postSolution
		{05B00B53-685C-4329-BE6B-D2F33B497640}.Debug|Any CPU.ActiveCfg = Debug|Any CPU
		{05B00B53-685C-4329-BE6B-D2F33B497640}.Debug|Any CPU.Build.0 = Debug|Any CPU
		{05B00B53-685C-4329-BE6B-D2F33B497640}.Release|Any CPU.ActiveCfg = Release|Any CPU
		{05B00B53-685C-4329-BE6B-D2F33B497640}.Release|Any CPU.Build.0 = Release|Any CPU
	EndGlobalSection
	GlobalSection(SolutionProperties) = preSolution
		HideSolutionNode = FALSE
	EndGlobalSection
	GlobalSection(ExtensibilityGlobals) = postSolution
		SolutionGuid = {DDA03564-790C-4285-ADC5-F14D3A18B015}
	EndGlobalSection
EndGlobal
